
Microsoft Visual Studio Solution File, Format Version 12.00
# Visual Studio Version 17
VisualStudioVersion = 17.6.33829.357
MinimumVisualStudioVersion = 10.0.40219.1
Project("{2150E333-8FDC-42A3-9474-1A3956D46DE8}") = "src", "src", "{EC9F81FE-4B45-4A10-AA6C-A5B230A39FAD}"
EndProject
Project("{2150E333-8FDC-42A3-9474-1A3956D46DE8}") = "test", "test", "{48CE867E-E337-4A95-A39F-4BDB6150B881}"
EndProject
Project("{2150E333-8FDC-42A3-9474-1A3956D46DE8}") = "Domain", "Domain", "{A31BC72D-7982-43EC-882E-5E00A56AAFD2}"
EndProject
Project("{9A19103F-16F7-4668-BE54-9A1E7A4F7556}") = "LoanApplications.Domain", "src\LoanApplications.Domain\LoanApplications.Domain.csproj", "{720620E0-49FC-4F9E-A59D-0CF16EC3B7AD}"
EndProject
Project("{2150E333-8FDC-42A3-9474-1A3956D46DE8}") = "LoanApplications", "LoanApplications", "{1208BC35-3BAF-49E6-8D9B-92035C7960AB}"
EndProject
Project("{2150E333-8FDC-42A3-9474-1A3956D46DE8}") = "Framework", "Framework", "{9C2F96D1-3A10-4E21-9197-338C95178D77}"
EndProject
Project("{9A19103F-16F7-4668-BE54-9A1E7A4F7556}") = "Framework.Domain", "framework\Framework.Domain\Framework.Domain.csproj", "{8895F1D2-1439-4DDE-92FF-D7CC7E2A7811}"
EndProject
Project("{9A19103F-16F7-4668-BE54-9A1E7A4F7556}") = "LoanApplications.Domain.Contracts", "src\LoanApplications.Domain.Contracts\LoanApplications.Domain.Contracts.csproj", "{49F80B7C-A743-46E7-A6C7-C959609924BB}"
EndProject
Project("{2150E333-8FDC-42A3-9474-1A3956D46DE8}") = "Application", "Application", "{4685D68E-5ADC-4105-9A73-91ECEF9BAD9A}"
EndProject
Project("{9A19103F-16F7-4668-BE54-9A1E7A4F7556}") = "LoanApplications.Application", "src\LoanApplications.Application\LoanApplications.Application.csproj", "{F14D6DAF-1429-4C38-87CE-A1EEE9544D34}"
EndProject
Project("{9A19103F-16F7-4668-BE54-9A1E7A4F7556}") = "LoanApplications.Application.Contracts", "src\LoanApplications.Application.Contracts\LoanApplications.Application.Contracts.csproj", "{06CD605C-8071-41E3-8852-661D816A654C}"
EndProject
Project("{9A19103F-16F7-4668-BE54-9A1E7A4F7556}") = "Framework.Application", "..\EventSourcingCourse\Framework.Application\Framework.Application.csproj", "{46698869-0739-4324-AF64-87C707F8DF7A}"
EndProject
Project("{2150E333-8FDC-42A3-9474-1A3956D46DE8}") = "Infrastructure", "Infrastructure", "{AB1605B7-65EF-443E-8E1F-61A8FF21A8EA}"
EndProject
Project("{9A19103F-16F7-4668-BE54-9A1E7A4F7556}") = "LoanApplications.Persistence.ES", "src\LoanApplications.Persistence.ES\LoanApplications.Persistence.ES.csproj", "{F5A70746-D8CC-4E93-9E03-9010055DE838}"
EndProject
Project("{9A19103F-16F7-4668-BE54-9A1E7A4F7556}") = "Framework.Persistence.ES", "..\EventSourcingCourse\Framework.Persistence.ES\Framework.Persistence.ES.csproj", "{04FABFF3-C568-4579-A5A1-83079B490E73}"
EndProject
Project("{2150E333-8FDC-42A3-9474-1A3956D46DE8}") = "Projections", "Projections", "{102E09E4-90EE-4900-AA09-AF5327744409}"
EndProject
Project("{2150E333-8FDC-42A3-9474-1A3956D46DE8}") = "Subscribers", "Subscribers", "{2E8C557E-7F39-4114-B950-64BD66F6848E}"
EndProject
Project("{FAE04EC0-301F-11D3-BF4B-00C04F79EFBC}") = "LoanApplications.Projections.Sql", "src\LoanApplications.Projections.Sql\LoanApplications.Projections.Sql.csproj", "{EFB859B5-DAF3-4D81-9C95-DD6C475828C6}"
EndProject
Project("{FAE04EC0-301F-11D3-BF4B-00C04F79EFBC}") = "Framework.Core", "framework\Framework.Core\Framework.Core.csproj", "{851F4DD4-C962-4AA0-B865-5960A1B02593}"
EndProject
Project("{E53339B2-1760-4266-BCC7-CA923CBCF16C}") = "docker-compose", "docker-compose.dcproj", "{C1B1C3C6-A945-4A6A-918D-A96CA31A7CB6}"
EndProject
Global
	GlobalSection(SolutionConfigurationPlatforms) = preSolution
		Debug|Any CPU = Debug|Any CPU
		Release|Any CPU = Release|Any CPU
	EndGlobalSection
	GlobalSection(ProjectConfigurationPlatforms) = postSolution
		{720620E0-49FC-4F9E-A59D-0CF16EC3B7AD}.Debug|Any CPU.ActiveCfg = Debug|Any CPU
		{720620E0-49FC-4F9E-A59D-0CF16EC3B7AD}.Debug|Any CPU.Build.0 = Debug|Any CPU
		{720620E0-49FC-4F9E-A59D-0CF16EC3B7AD}.Release|Any CPU.ActiveCfg = Release|Any CPU
		{720620E0-49FC-4F9E-A59D-0CF16EC3B7AD}.Release|Any CPU.Build.0 = Release|Any CPU
		{8895F1D2-1439-4DDE-92FF-D7CC7E2A7811}.Debug|Any CPU.ActiveCfg = Debug|Any CPU
		{8895F1D2-1439-4DDE-92FF-D7CC7E2A7811}.Debug|Any CPU.Build.0 = Debug|Any CPU
		{8895F1D2-1439-4DDE-92FF-D7CC7E2A7811}.Release|Any CPU.ActiveCfg = Release|Any CPU
		{8895F1D2-1439-4DDE-92FF-D7CC7E2A7811}.Release|Any CPU.Build.0 = Release|Any CPU
		{49F80B7C-A743-46E7-A6C7-C959609924BB}.Debug|Any CPU.ActiveCfg = Debug|Any CPU
		{49F80B7C-A743-46E7-A6C7-C959609924BB}.Debug|Any CPU.Build.0 = Debug|Any CPU
		{49F80B7C-A743-46E7-A6C7-C959609924BB}.Release|Any CPU.ActiveCfg = Release|Any CPU
		{49F80B7C-A743-46E7-A6C7-C959609924BB}.Release|Any CPU.Build.0 = Release|Any CPU
		{F14D6DAF-1429-4C38-87CE-A1EEE9544D34}.Debug|Any CPU.ActiveCfg = Debug|Any CPU
		{F14D6DAF-1429-4C38-87CE-A1EEE9544D34}.Debug|Any CPU.Build.0 = Debug|Any CPU
		{F14D6DAF-1429-4C38-87CE-A1EEE9544D34}.Release|Any CPU.ActiveCfg = Release|Any CPU
		{F14D6DAF-1429-4C38-87CE-A1EEE9544D34}.Release|Any CPU.Build.0 = Release|Any CPU
		{06CD605C-8071-41E3-8852-661D816A654C}.Debug|Any CPU.ActiveCfg = Debug|Any CPU
		{06CD605C-8071-41E3-8852-661D816A654C}.Debug|Any CPU.Build.0 = Debug|Any CPU
		{06CD605C-8071-41E3-8852-661D816A654C}.Release|Any CPU.ActiveCfg = Release|Any CPU
		{06CD605C-8071-41E3-8852-661D816A654C}.Release|Any CPU.Build.0 = Release|Any CPU
		{46698869-0739-4324-AF64-87C707F8DF7A}.Debug|Any CPU.ActiveCfg = Debug|Any CPU
		{46698869-0739-4324-AF64-87C707F8DF7A}.Debug|Any CPU.Build.0 = Debug|Any CPU
		{46698869-0739-4324-AF64-87C707F8DF7A}.Release|Any CPU.ActiveCfg = Release|Any CPU
		{46698869-0739-4324-AF64-87C707F8DF7A}.Release|Any CPU.Build.0 = Release|Any CPU
		{F5A70746-D8CC-4E93-9E03-9010055DE838}.Debug|Any CPU.ActiveCfg = Debug|Any CPU
		{F5A70746-D8CC-4E93-9E03-9010055DE838}.Debug|Any CPU.Build.0 = Debug|Any CPU
		{F5A70746-D8CC-4E93-9E03-9010055DE838}.Release|Any CPU.ActiveCfg = Release|Any CPU
		{F5A70746-D8CC-4E93-9E03-9010055DE838}.Release|Any CPU.Build.0 = Release|Any CPU
		{04FABFF3-C568-4579-A5A1-83079B490E73}.Debug|Any CPU.ActiveCfg = Debug|Any CPU
		{04FABFF3-C568-4579-A5A1-83079B490E73}.Debug|Any CPU.Build.0 = Debug|Any CPU
		{04FABFF3-C568-4579-A5A1-83079B490E73}.Release|Any CPU.ActiveCfg = Release|Any CPU
		{04FABFF3-C568-4579-A5A1-83079B490E73}.Release|Any CPU.Build.0 = Release|Any CPU
		{EFB859B5-DAF3-4D81-9C95-DD6C475828C6}.Debug|Any CPU.ActiveCfg = Debug|Any CPU
		{EFB859B5-DAF3-4D81-9C95-DD6C475828C6}.Debug|Any CPU.Build.0 = Debug|Any CPU
		{EFB859B5-DAF3-4D81-9C95-DD6C475828C6}.Release|Any CPU.ActiveCfg = Release|Any CPU
		{EFB859B5-DAF3-4D81-9C95-DD6C475828C6}.Release|Any CPU.Build.0 = Release|Any CPU
		{851F4DD4-C962-4AA0-B865-5960A1B02593}.Debug|Any CPU.ActiveCfg = Debug|Any CPU
		{851F4DD4-C962-4AA0-B865-5960A1B02593}.Debug|Any CPU.Build.0 = Debug|Any CPU
		{851F4DD4-C962-4AA0-B865-5960A1B02593}.Release|Any CPU.ActiveCfg = Release|Any CPU
		{851F4DD4-C962-4AA0-B865-5960A1B02593}.Release|Any CPU.Build.0 = Release|Any CPU
		{C1B1C3C6-A945-4A6A-918D-A96CA31A7CB6}.Debug|Any CPU.ActiveCfg = Debug|Any CPU
		{C1B1C3C6-A945-4A6A-918D-A96CA31A7CB6}.Debug|Any CPU.Build.0 = Debug|Any CPU
		{C1B1C3C6-A945-4A6A-918D-A96CA31A7CB6}.Release|Any CPU.ActiveCfg = Release|Any CPU
		{C1B1C3C6-A945-4A6A-918D-A96CA31A7CB6}.Release|Any CPU.Build.0 = Release|Any CPU
	EndGlobalSection
	GlobalSection(SolutionProperties) = preSolution
		HideSolutionNode = FALSE
	EndGlobalSection
	GlobalSection(NestedProjects) = preSolution
		{EC9F81FE-4B45-4A10-AA6C-A5B230A39FAD} = {1208BC35-3BAF-49E6-8D9B-92035C7960AB}
		{48CE867E-E337-4A95-A39F-4BDB6150B881} = {1208BC35-3BAF-49E6-8D9B-92035C7960AB}
		{A31BC72D-7982-43EC-882E-5E00A56AAFD2} = {EC9F81FE-4B45-4A10-AA6C-A5B230A39FAD}
		{720620E0-49FC-4F9E-A59D-0CF16EC3B7AD} = {A31BC72D-7982-43EC-882E-5E00A56AAFD2}
		{8895F1D2-1439-4DDE-92FF-D7CC7E2A7811} = {9C2F96D1-3A10-4E21-9197-338C95178D77}
		{49F80B7C-A743-46E7-A6C7-C959609924BB} = {A31BC72D-7982-43EC-882E-5E00A56AAFD2}
		{4685D68E-5ADC-4105-9A73-91ECEF9BAD9A} = {EC9F81FE-4B45-4A10-AA6C-A5B230A39FAD}
		{F14D6DAF-1429-4C38-87CE-A1EEE9544D34} = {4685D68E-5ADC-4105-9A73-91ECEF9BAD9A}
		{06CD605C-8071-41E3-8852-661D816A654C} = {4685D68E-5ADC-4105-9A73-91ECEF9BAD9A}
		{46698869-0739-4324-AF64-87C707F8DF7A} = {9C2F96D1-3A10-4E21-9197-338C95178D77}
		{AB1605B7-65EF-443E-8E1F-61A8FF21A8EA} = {EC9F81FE-4B45-4A10-AA6C-A5B230A39FAD}
		{F5A70746-D8CC-4E93-9E03-9010055DE838} = {AB1605B7-65EF-443E-8E1F-61A8FF21A8EA}
		{04FABFF3-C568-4579-A5A1-83079B490E73} = {9C2F96D1-3A10-4E21-9197-338C95178D77}
		{102E09E4-90EE-4900-AA09-AF5327744409} = {2E8C557E-7F39-4114-B950-64BD66F6848E}
		{2E8C557E-7F39-4114-B950-64BD66F6848E} = {EC9F81FE-4B45-4A10-AA6C-A5B230A39FAD}
		{EFB859B5-DAF3-4D81-9C95-DD6C475828C6} = {102E09E4-90EE-4900-AA09-AF5327744409}
		{851F4DD4-C962-4AA0-B865-5960A1B02593} = {9C2F96D1-3A10-4E21-9197-338C95178D77}
	EndGlobalSection
	GlobalSection(ExtensibilityGlobals) = postSolution
		SolutionGuid = {AE4845A5-CB96-4A9D-8D17-CC2F96D5F559}
	EndGlobalSection
EndGlobal
